
Microsoft Visual Studio Solution File, Format Version 12.00
# Visual Studio 14
VisualStudioVersion = 14.0.24720.0
MinimumVisualStudioVersion = 10.0.40219.1
Project("{FAE04EC0-301F-11D3-BF4B-00C04F79EFBC}") = "HardwareStore", "HardwareStore\HardwareStore.csproj", "{4E468C45-70CC-444B-B42F-6F6465E7BFE2}"
EndProject
Project("{FAE04EC0-301F-11D3-BF4B-00C04F79EFBC}") = "InvoiceTest", "InvoiceTest\InvoiceTest.csproj", "{C982FF7F-9297-4550-B206-80BE49465862}"
EndProject
Global
	GlobalSection(SolutionConfigurationPlatforms) = preSolution
		Debug|Any CPU = Debug|Any CPU
		Release|Any CPU = Release|Any CPU
	EndGlobalSection
	GlobalSection(ProjectConfigurationPlatforms) = postSolution
		{4E468C45-70CC-444B-B42F-6F6465E7BFE2}.Debug|Any CPU.ActiveCfg = Debug|Any CPU
		{4E468C45-70CC-444B-B42F-6F6465E7BFE2}.Debug|Any CPU.Build.0 = Debug|Any CPU
		{4E468C45-70CC-444B-B42F-6F6465E7BFE2}.Release|Any CPU.ActiveCfg = Release|Any CPU
		{4E468C45-70CC-444B-B42F-6F6465E7BFE2}.Release|Any CPU.Build.0 = Release|Any CPU
		{C982FF7F-9297-4550-B206-80BE49465862}.Debug|Any CPU.ActiveCfg = Debug|Any CPU
		{C982FF7F-9297-4550-B206-80BE49465862}.Debug|Any CPU.Build.0 = Debug|Any CPU
		{C982FF7F-9297-4550-B206-80BE49465862}.Release|Any CPU.ActiveCfg = Release|Any CPU
		{C982FF7F-9297-4550-B206-80BE49465862}.Release|Any CPU.Build.0 = Release|Any CPU
	EndGlobalSection
	GlobalSection(SolutionProperties) = preSolution
		HideSolutionNode = FALSE
	EndGlobalSection
EndGlobal
